
Microsoft Visual Studio Solution File, Format Version 12.00
# Visual Studio Version 17
VisualStudioVersion = 17.0.32014.148
MinimumVisualStudioVersion = 10.0.40219.1
Project("{8BC9CEB8-8B4A-11D0-8D11-00A0C91BC942}") = "queues", "queues.vcxproj", "{511FDC37-3169-47B4-9B0D-273E16FF392B}"
EndProject
Global
	GlobalSection(SolutionConfigurationPlatforms) = preSolution
		Debug|x64 = Debug|x64
		Debug|x86 = Debug|x86
		Release|x64 = Release|x64
		Release|x86 = Release|x86
	EndGlobalSection
	GlobalSection(ProjectConfigurationPlatforms) = postSolution
		{511FDC37-3169-47B4-9B0D-273E16FF392B}.Debug|x64.ActiveCfg = Debug|x64
		{511FDC37-3169-47B4-9B0D-273E16FF392B}.Debug|x64.Build.0 = Debug|x64
		{511FDC37-3169-47B4-9B0D-273E16FF392B}.Debug|x86.ActiveCfg = Debug|Win32
		{511FDC37-3169-47B4-9B0D-273E16FF392B}.Debug|x86.Build.0 = Debug|Win32
		{511FDC37-3169-47B4-9B0D-273E16FF392B}.Release|x64.ActiveCfg = Release|x64
		{511FDC37-3169-47B4-9B0D-273E16FF392B}.Release|x64.Build.0 = Release|x64
		{511FDC37-3169-47B4-9B0D-273E16FF392B}.Release|x86.ActiveCfg = Release|Win32
		{511FDC37-3169-47B4-9B0D-273E16FF392B}.Release|x86.Build.0 = Release|Win32
	EndGlobalSection
	GlobalSection(SolutionProperties) = preSolution
		HideSolutionNode = FALSE
	EndGlobalSection
	GlobalSection(ExtensibilityGlobals) = postSolution
		SolutionGuid = {50F77B60-D5AD-41FB-B430-995284F34403}
	EndGlobalSection
EndGlobal
